{
  "lockfileVersion": 1,
  "configVersion": 1,
  "workspaces": {
    "": {
      "name": "rueckspiegel-frontend",
      "dependencies": {
        "@supabase/supabase-js": "^2.45.4",
        "maplibre-gl": "^4.7.1",
      },
      "devDependencies": {
        "@types/bun": "^1.1.10",
        "typescript": "^5.6.2",
        "vite": "^5.4.8",
      },
    },
  },
  "packages": {
    "@esbuild/aix-ppc64": ["@esbuild/aix-ppc64@0.21.5", "", { "os": "aix", "cpu": "ppc64" }, "sha512-1SDgH6ZSPTlggy1yI6+Dbkiz8xzpHJEVAlF/AM1tHPLsf5STom9rwtjE4hKAF20FfXXNTFqEYXyJNWh1GiZedQ=="],

    "@esbuild/android-arm": ["@esbuild/android-arm@0.21.5", "", { "os": "android", "cpu": "arm" }, "sha512-vCPvzSjpPHEi1siZdlvAlsPxXl7WbOVUBBAowWug4rJHb68Ox8KualB+1ocNvT5fjv6wpkX6o/iEpbDrf68zcg=="],

    "@esbuild/android-arm64": ["@esbuild/android-arm64@0.21.5", "", { "os": "android", "cpu": "arm64" }, "sha512-c0uX9VAUBQ7dTDCjq+wdyGLowMdtR/GoC2U5IYk/7D1H1JYC0qseD7+11iMP2mRLN9RcCMRcjC4YMclCzGwS/A=="],

    "@esbuild/android-x64": ["@esbuild/android-x64@0.21.5", "", { "os": "android", "cpu": "x64" }, "sha512-D7aPRUUNHRBwHxzxRvp856rjUHRFW1SdQATKXH2hqA0kAZb1hKmi02OpYRacl0TxIGz/ZmXWlbZgjwWYaCakTA=="],

    "@esbuild/darwin-arm64": ["@esbuild/darwin-arm64@0.21.5", "", { "os": "darwin", "cpu": "arm64" }, "sha512-DwqXqZyuk5AiWWf3UfLiRDJ5EDd49zg6O9wclZ7kUMv2WRFr4HKjXp/5t8JZ11QbQfUS6/cRCKGwYhtNAY88kQ=="],

    "@esbuild/darwin-x64": ["@esbuild/darwin-x64@0.21.5", "", { "os": "darwin", "cpu": "x64" }, "sha512-se/JjF8NlmKVG4kNIuyWMV/22ZaerB+qaSi5MdrXtd6R08kvs2qCN4C09miupktDitvh8jRFflwGFBQcxZRjbw=="],

    "@esbuild/freebsd-arm64": ["@esbuild/freebsd-arm64@0.21.5", "", { "os": "freebsd", "cpu": "arm64" }, "sha512-5JcRxxRDUJLX8JXp/wcBCy3pENnCgBR9bN6JsY4OmhfUtIHe3ZW0mawA7+RDAcMLrMIZaf03NlQiX9DGyB8h4g=="],

    "@esbuild/freebsd-x64": ["@esbuild/freebsd-x64@0.21.5", "", { "os": "freebsd", "cpu": "x64" }, "sha512-J95kNBj1zkbMXtHVH29bBriQygMXqoVQOQYA+ISs0/2l3T9/kj42ow2mpqerRBxDJnmkUDCaQT/dfNXWX/ZZCQ=="],

    "@esbuild/linux-arm": ["@esbuild/linux-arm@0.21.5", "", { "os": "linux", "cpu": "arm" }, "sha512-bPb5AHZtbeNGjCKVZ9UGqGwo8EUu4cLq68E95A53KlxAPRmUyYv2D6F0uUI65XisGOL1hBP5mTronbgo+0bFcA=="],

    "@esbuild/linux-arm64": ["@esbuild/linux-arm64@0.21.5", "", { "os": "linux", "cpu": "arm64" }, "sha512-ibKvmyYzKsBeX8d8I7MH/TMfWDXBF3db4qM6sy+7re0YXya+K1cem3on9XgdT2EQGMu4hQyZhan7TeQ8XkGp4Q=="],

    "@esbuild/linux-ia32": ["@esbuild/linux-ia32@0.21.5", "", { "os": "linux", "cpu": "ia32" }, "sha512-YvjXDqLRqPDl2dvRODYmmhz4rPeVKYvppfGYKSNGdyZkA01046pLWyRKKI3ax8fbJoK5QbxblURkwK/MWY18Tg=="],

    "@esbuild/linux-loong64": ["@esbuild/linux-loong64@0.21.5", "", { "os": "linux", "cpu": "none" }, "sha512-uHf1BmMG8qEvzdrzAqg2SIG/02+4/DHB6a9Kbya0XDvwDEKCoC8ZRWI5JJvNdUjtciBGFQ5PuBlpEOXQj+JQSg=="],

    "@esbuild/linux-mips64el": ["@esbuild/linux-mips64el@0.21.5", "", { "os": "linux", "cpu": "none" }, "sha512-IajOmO+KJK23bj52dFSNCMsz1QP1DqM6cwLUv3W1QwyxkyIWecfafnI555fvSGqEKwjMXVLokcV5ygHW5b3Jbg=="],

    "@esbuild/linux-ppc64": ["@esbuild/linux-ppc64@0.21.5", "", { "os": "linux", "cpu": "ppc64" }, "sha512-1hHV/Z4OEfMwpLO8rp7CvlhBDnjsC3CttJXIhBi+5Aj5r+MBvy4egg7wCbe//hSsT+RvDAG7s81tAvpL2XAE4w=="],

    "@esbuild/linux-riscv64": ["@esbuild/linux-riscv64@0.21.5", "", { "os": "linux", "cpu": "none" }, "sha512-2HdXDMd9GMgTGrPWnJzP2ALSokE/0O5HhTUvWIbD3YdjME8JwvSCnNGBnTThKGEB91OZhzrJ4qIIxk/SBmyDDA=="],

    "@esbuild/linux-s390x": ["@esbuild/linux-s390x@0.21.5", "", { "os": "linux", "cpu": "s390x" }, "sha512-zus5sxzqBJD3eXxwvjN1yQkRepANgxE9lgOW2qLnmr8ikMTphkjgXu1HR01K4FJg8h1kEEDAqDcZQtbrRnB41A=="],

    "@esbuild/linux-x64": ["@esbuild/linux-x64@0.21.5", "", { "os": "linux", "cpu": "x64" }, "sha512-1rYdTpyv03iycF1+BhzrzQJCdOuAOtaqHTWJZCWvijKD2N5Xu0TtVC8/+1faWqcP9iBCWOmjmhoH94dH82BxPQ=="],

    "@esbuild/netbsd-x64": ["@esbuild/netbsd-x64@0.21.5", "", { "os": "none", "cpu": "x64" }, "sha512-Woi2MXzXjMULccIwMnLciyZH4nCIMpWQAs049KEeMvOcNADVxo0UBIQPfSmxB3CWKedngg7sWZdLvLczpe0tLg=="],

    "@esbuild/openbsd-x64": ["@esbuild/openbsd-x64@0.21.5", "", { "os": "openbsd", "cpu": "x64" }, "sha512-HLNNw99xsvx12lFBUwoT8EVCsSvRNDVxNpjZ7bPn947b8gJPzeHWyNVhFsaerc0n3TsbOINvRP2byTZ5LKezow=="],

    "@esbuild/sunos-x64": ["@esbuild/sunos-x64@0.21.5", "", { "os": "sunos", "cpu": "x64" }, "sha512-6+gjmFpfy0BHU5Tpptkuh8+uw3mnrvgs+dSPQXQOv3ekbordwnzTVEb4qnIvQcYXq6gzkyTnoZ9dZG+D4garKg=="],

    "@esbuild/win32-arm64": ["@esbuild/win32-arm64@0.21.5", "", { "os": "win32", "cpu": "arm64" }, "sha512-Z0gOTd75VvXqyq7nsl93zwahcTROgqvuAcYDUr+vOv8uHhNSKROyU961kgtCD1e95IqPKSQKH7tBTslnS3tA8A=="],

    "@esbuild/win32-ia32": ["@esbuild/win32-ia32@0.21.5", "", { "os": "win32", "cpu": "ia32" }, "sha512-SWXFF1CL2RVNMaVs+BBClwtfZSvDgtL//G/smwAc5oVK/UPu2Gu9tIaRgFmYFFKrmg3SyAjSrElf0TiJ1v8fYA=="],

    "@esbuild/win32-x64": ["@esbuild/win32-x64@0.21.5", "", { "os": "win32", "cpu": "x64" }, "sha512-tQd/1efJuzPC6rCFwEvLtci/xNFcTZknmXs98FYDfGE4wP9ClFV98nyKrzJKVPMhdDnjzLhdUyMX4PsQAPjwIw=="],

    "@mapbox/geojson-rewind": ["@mapbox/geojson-rewind@0.5.2", "", { "dependencies": { "get-stream": "^6.0.1", "minimist": "^1.2.6" }, "bin": { "geojson-rewind": "geojson-rewind" } }, "sha512-tJaT+RbYGJYStt7wI3cq4Nl4SXxG8W7JDG5DMJu97V25RnbNg3QtQtf+KD+VLjNpWKYsRvXDNmNrBgEETr1ifA=="],

    "@mapbox/jsonlint-lines-primitives": ["@mapbox/jsonlint-lines-primitives@2.0.2", "", {}, "sha512-rY0o9A5ECsTQRVhv7tL/OyDpGAoUB4tTvLiW1DSzQGq4bvTPhNw1VpSNjDJc5GFZ2XuyOtSWSVN05qOtcD71qQ=="],

    "@mapbox/point-geometry": ["@mapbox/point-geometry@0.1.0", "", {}, "sha512-6j56HdLTwWGO0fJPlrZtdU/B13q8Uwmo18Ck2GnGgN9PCFyKTZ3UbXeEdRFh18i9XQ92eH2VdtpJHpBD3aripQ=="],

    "@mapbox/tiny-sdf": ["@mapbox/tiny-sdf@2.1.0", "", {}, "sha512-uFJhNh36BR4OCuWIEiWaEix9CA2WzT6CAIcqVjWYpnx8+QDtS+oC4QehRrx5cX4mgWs37MmKnwUejeHxVymzNg=="],

    "@mapbox/unitbezier": ["@mapbox/unitbezier@0.0.1", "", {}, "sha512-nMkuDXFv60aBr9soUG5q+GvZYL+2KZHVvsqFCzqnkGEf46U2fvmytHaEVc1/YZbiLn8X+eR3QzX1+dwDO1lxlw=="],

    "@mapbox/vector-tile": ["@mapbox/vector-tile@1.3.1", "", { "dependencies": { "@mapbox/point-geometry": "~0.1.0" } }, "sha512-MCEddb8u44/xfQ3oD+Srl/tNcQoqTw3goGk2oLsrFxOTc3dUp+kAnby3PvAeeBYSMSjSPD1nd1AJA6W49WnoUw=="],

    "@mapbox/whoots-js": ["@mapbox/whoots-js@3.1.0", "", {}, "sha512-Es6WcD0nO5l+2BOQS4uLfNPYQaNDfbot3X1XUoloz+x0mPDS3eeORZJl06HXjwBG1fOGwCRnzK88LMdxKRrd6Q=="],

    "@maplibre/maplibre-gl-style-spec": ["@maplibre/maplibre-gl-style-spec@20.4.0", "", { "dependencies": { "@mapbox/jsonlint-lines-primitives": "~2.0.2", "@mapbox/unitbezier": "^0.0.1", "json-stringify-pretty-compact": "^4.0.0", "minimist": "^1.2.8", "quickselect": "^2.0.0", "rw": "^1.3.3", "tinyqueue": "^3.0.0" }, "bin": { "gl-style-format": "dist/gl-style-format.mjs", "gl-style-migrate": "dist/gl-style-migrate.mjs", "gl-style-validate": "dist/gl-style-validate.mjs" } }, "sha512-AzBy3095fTFPjDjmWpR2w6HVRAZJ6hQZUCwk5Plz6EyfnfuQW1odeW5i2Ai47Y6TBA2hQnC+azscjBSALpaWgw=="],

    "@rollup/rollup-android-arm-eabi": ["@rollup/rollup-android-arm-eabi@4.60.2", "", { "os": "android", "cpu": "arm" }, "sha512-dnlp69efPPg6Uaw2dVqzWRfAWRnYVb1XJ8CyyhIbZeaq4CA5/mLeZ1IEt9QqQxmbdvagjLIm2ZL8BxXv5lH4Yw=="],

    "@rollup/rollup-android-arm64": ["@rollup/rollup-android-arm64@4.60.2", "", { "os": "android", "cpu": "arm64" }, "sha512-OqZTwDRDchGRHHm/hwLOL7uVPB9aUvI0am/eQuWMNyFHf5PSEQmyEeYYheA0EPPKUO/l0uigCp+iaTjoLjVoHg=="],

    "@rollup/rollup-darwin-arm64": ["@rollup/rollup-darwin-arm64@4.60.2", "", { "os": "darwin", "cpu": "arm64" }, "sha512-UwRE7CGpvSVEQS8gUMBe1uADWjNnVgP3Iusyda1nSRwNDCsRjnGc7w6El6WLQsXmZTbLZx9cecegumcitNfpmA=="],

    "@rollup/rollup-darwin-x64": ["@rollup/rollup-darwin-x64@4.60.2", "", { "os": "darwin", "cpu": "x64" }, "sha512-gjEtURKLCC5VXm1I+2i1u9OhxFsKAQJKTVB8WvDAHF+oZlq0GTVFOlTlO1q3AlCTE/DF32c16ESvfgqR7343/g=="],

    "@rollup/rollup-freebsd-arm64": ["@rollup/rollup-freebsd-arm64@4.60.2", "", { "os": "freebsd", "cpu": "arm64" }, "sha512-Bcl6CYDeAgE70cqZaMojOi/eK63h5Me97ZqAQoh77VPjMysA/4ORQBRGo3rRy45x4MzVlU9uZxs8Uwy7ZaKnBw=="],

    "@rollup/rollup-freebsd-x64": ["@rollup/rollup-freebsd-x64@4.60.2", "", { "os": "freebsd", "cpu": "x64" }, "sha512-LU+TPda3mAE2QB0/Hp5VyeKJivpC6+tlOXd1VMoXV/YFMvk/MNk5iXeBfB4MQGRWyOYVJ01625vjkr0Az98OJQ=="],

    "@rollup/rollup-linux-arm-gnueabihf": ["@rollup/rollup-linux-arm-gnueabihf@4.60.2", "", { "os": "linux", "cpu": "arm" }, "sha512-2QxQrM+KQ7DAW4o22j+XZ6RKdxjLD7BOWTP0Bv0tmjdyhXSsr2Ul1oJDQqh9Zf5qOwTuTc7Ek83mOFaKnodPjg=="],

    "@rollup/rollup-linux-arm-musleabihf": ["@rollup/rollup-linux-arm-musleabihf@4.60.2", "", { "os": "linux", "cpu": "arm" }, "sha512-TbziEu2DVsTEOPif2mKWkMeDMLoYjx95oESa9fkQQK7r/Orta0gnkcDpzwufEcAO2BLBsD7mZkXGFqEdMRRwfw=="],

    "@rollup/rollup-linux-arm64-gnu": ["@rollup/rollup-linux-arm64-gnu@4.60.2", "", { "os": "linux", "cpu": "arm64" }, "sha512-bO/rVDiDUuM2YfuCUwZ1t1cP+/yqjqz+Xf2VtkdppefuOFS2OSeAfgafaHNkFn0t02hEyXngZkxtGqXcXwO8Rg=="],

    "@rollup/rollup-linux-arm64-musl": ["@rollup/rollup-linux-arm64-musl@4.60.2", "", { "os": "linux", "cpu": "arm64" }, "sha512-hr26p7e93Rl0Za+JwW7EAnwAvKkehh12BU1Llm9Ykiibg4uIr2rbpxG9WCf56GuvidlTG9KiiQT/TXT1yAWxTA=="],

    "@rollup/rollup-linux-loong64-gnu": ["@rollup/rollup-linux-loong64-gnu@4.60.2", "", { "os": "linux", "cpu": "none" }, "sha512-pOjB/uSIyDt+ow3k/RcLvUAOGpysT2phDn7TTUB3n75SlIgZzM6NKAqlErPhoFU+npgY3/n+2HYIQVbF70P9/A=="],

    "@rollup/rollup-linux-loong64-musl": ["@rollup/rollup-linux-loong64-musl@4.60.2", "", { "os": "linux", "cpu": "none" }, "sha512-2/w+q8jszv9Ww1c+6uJT3OwqhdmGP2/4T17cu8WuwyUuuaCDDJ2ojdyYwZzCxx0GcsZBhzi3HmH+J5pZNXnd+Q=="],

    "@rollup/rollup-linux-ppc64-gnu": ["@rollup/rollup-linux-ppc64-gnu@4.60.2", "", { "os": "linux", "cpu": "ppc64" }, "sha512-11+aL5vKheYgczxtPVVRhdptAM2H7fcDR5Gw4/bTcteuZBlH4oP9f5s9zYO9aGZvoGeBpqXI/9TZZihZ609wKw=="],

    "@rollup/rollup-linux-ppc64-musl": ["@rollup/rollup-linux-ppc64-musl@4.60.2", "", { "os": "linux", "cpu": "ppc64" }, "sha512-i16fokAGK46IVZuV8LIIwMdtqhin9hfYkCh8pf8iC3QU3LpwL+1FSFGej+O7l3E/AoknL6Dclh2oTdnRMpTzFQ=="],

    "@rollup/rollup-linux-riscv64-gnu": ["@rollup/rollup-linux-riscv64-gnu@4.60.2", "", { "os": "linux", "cpu": "none" }, "sha512-49FkKS6RGQoriDSK/6E2GkAsAuU5kETFCh7pG4yD/ylj9rKhTmO3elsnmBvRD4PgJPds5W2PkhC82aVwmUcJ7A=="],

    "@rollup/rollup-linux-riscv64-musl": ["@rollup/rollup-linux-riscv64-musl@4.60.2", "", { "os": "linux", "cpu": "none" }, "sha512-mjYNkHPfGpUR00DuM1ZZIgs64Hpf4bWcz9Z41+4Q+pgDx73UwWdAYyf6EG/lRFldmdHHzgrYyge5akFUW0D3mQ=="],

    "@rollup/rollup-linux-s390x-gnu": ["@rollup/rollup-linux-s390x-gnu@4.60.2", "", { "os": "linux", "cpu": "s390x" }, "sha512-ALyvJz965BQk8E9Al/JDKKDLH2kfKFLTGMlgkAbbYtZuJt9LU8DW3ZoDMCtQpXAltZxwBHevXz5u+gf0yA0YoA=="],

    "@rollup/rollup-linux-x64-gnu": ["@rollup/rollup-linux-x64-gnu@4.60.2", "", { "os": "linux", "cpu": "x64" }, "sha512-UQjrkIdWrKI626Du8lCQ6MJp/6V1LAo2bOK9OTu4mSn8GGXIkPXk/Vsp4bLHCd9Z9Iz2OTEaokUE90VweJgIYQ=="],

    "@rollup/rollup-linux-x64-musl": ["@rollup/rollup-linux-x64-musl@4.60.2", "", { "os": "linux", "cpu": "x64" }, "sha512-bTsRGj6VlSdn/XD4CGyzMnzaBs9bsRxy79eTqTCBsA8TMIEky7qg48aPkvJvFe1HyzQ5oMZdg7AnVlWQSKLTnw=="],

    "@rollup/rollup-openbsd-x64": ["@rollup/rollup-openbsd-x64@4.60.2", "", { "os": "openbsd", "cpu": "x64" }, "sha512-6d4Z3534xitaA1FcMWP7mQPq5zGwBmGbhphh2DwaA1aNIXUu3KTOfwrWpbwI4/Gr0uANo7NTtaykFyO2hPuFLg=="],

    "@rollup/rollup-openharmony-arm64": ["@rollup/rollup-openharmony-arm64@4.60.2", "", { "os": "none", "cpu": "arm64" }, "sha512-NetAg5iO2uN7eB8zE5qrZ3CSil+7IJt4WDFLcC75Ymywq1VZVD6qJ6EvNLjZ3rEm6gB7XW5JdT60c6MN35Z85Q=="],

    "@rollup/rollup-win32-arm64-msvc": ["@rollup/rollup-win32-arm64-msvc@4.60.2", "", { "os": "win32", "cpu": "arm64" }, "sha512-NCYhOotpgWZ5kdxCZsv6Iudx0wX8980Q/oW4pNFNihpBKsDbEA1zpkfxJGC0yugsUuyDZ7gL37dbzwhR0VI7pQ=="],

    "@rollup/rollup-win32-ia32-msvc": ["@rollup/rollup-win32-ia32-msvc@4.60.2", "", { "os": "win32", "cpu": "ia32" }, "sha512-RXsaOqXxfoUBQoOgvmmijVxJnW2IGB0eoMO7F8FAjaj0UTywUO/luSqimWBJn04WNgUkeNhh7fs7pESXajWmkg=="],

    "@rollup/rollup-win32-x64-gnu": ["@rollup/rollup-win32-x64-gnu@4.60.2", "", { "os": "win32", "cpu": "x64" }, "sha512-qdAzEULD+/hzObedtmV6iBpdL5TIbKVztGiK7O3/KYSf+HIzU257+MX1EXJcyIiDbMAqmbwaufcYPvyRryeZtA=="],

    "@rollup/rollup-win32-x64-msvc": ["@rollup/rollup-win32-x64-msvc@4.60.2", "", { "os": "win32", "cpu": "x64" }, "sha512-Nd/SgG27WoA9e+/TdK74KnHz852TLa94ovOYySo/yMPuTmpckK/jIF2jSwS3g7ELSKXK13/cVdmg1Z/DaCWKxA=="],

    "@supabase/auth-js": ["@supabase/auth-js@2.105.1", "", { "dependencies": { "tslib": "2.8.1" } }, "sha512-zc4s8Xg4truwE1Q4Q8M8oUVDARMd05pKh73NyQsMbYU1HDdDN2iiKzena/yu+yJze3WrD4c092FdckPiK1rLQw=="],

    "@supabase/functions-js": ["@supabase/functions-js@2.105.1", "", { "dependencies": { "tslib": "2.8.1" } }, "sha512-dTk1e7oE51VGc1lS2S0J0NLo0Wp4JYChj74ArJKbIWgoWuFwO0wcJYjeyOV3AAEpKst8/LQWUZOUKO1tRXBrpA=="],

    "@supabase/phoenix": ["@supabase/phoenix@0.4.1", "", {}, "sha512-hWGJkDAfWUNY8k0C080u3sGNFd2ncl9erhKgP7hnGkgJWEfT5Pd/SXal4QmWXBECVlZrannMAc9sBaaRyWpiUA=="],

    "@supabase/postgrest-js": ["@supabase/postgrest-js@2.105.1", "", { "dependencies": { "tslib": "2.8.1" } }, "sha512-6SbtsoWC55xfsm7gbfLqvF+yIwTQEbjt+jFGf4klDpwSnUy17Hv5x0Dq52oqwTQlw6Ta0h1D5gTP0/pApqNojA=="],

    "@supabase/realtime-js": ["@supabase/realtime-js@2.105.1", "", { "dependencies": { "@supabase/phoenix": "^0.4.1", "@types/ws": "^8.18.1", "tslib": "2.8.1", "ws": "^8.18.2" } }, "sha512-3X3cUEl5cJ4lRQHr1hXHx0b98OaL97RRO2vrRZ98FD91JV/MquZHhrGJSv/+IkOnjF6E2e0RUOxE8P3Zi035ow=="],

    "@supabase/storage-js": ["@supabase/storage-js@2.105.1", "", { "dependencies": { "iceberg-js": "^0.8.1", "tslib": "2.8.1" } }, "sha512-owfdCNH5ikXXDusjzsgU6LavEBqGUoueOnL/9XIucld70/WJ/rbqp89K//c9QPICDNuegsmpoeasydDAiucLKQ=="],

    "@supabase/supabase-js": ["@supabase/supabase-js@2.105.1", "", { "dependencies": { "@supabase/auth-js": "2.105.1", "@supabase/functions-js": "2.105.1", "@supabase/postgrest-js": "2.105.1", "@supabase/realtime-js": "2.105.1", "@supabase/storage-js": "2.105.1" } }, "sha512-4gn6HmsAkCCVU7p8JmgKGhHJ5Btod4ZzSp8qKZf4JHaTxbhaIK86/usHzeLxWv7EJJDhBmILDmJOSOf9iF4CLA=="],

    "@types/bun": ["@types/bun@1.3.13", "", { "dependencies": { "bun-types": "1.3.13" } }, "sha512-9fqXWk5YIHGGnUau9TEi+qdlTYDAnOj+xLCmSTwXfAIqXr2x4tytJb43E9uCvt09zJURKXwAtkoH4nLQfzeTXw=="],

    "@types/estree": ["@types/estree@1.0.8", "", {}, "sha512-dWHzHa2WqEXI/O1E9OjrocMTKJl2mSrEolh1Iomrv6U+JuNwaHXsXx9bLu5gG7BUWFIN0skIQJQ/L1rIex4X6w=="],

    "@types/geojson": ["@types/geojson@7946.0.16", "", {}, "sha512-6C8nqWur3j98U6+lXDfTUWIfgvZU+EumvpHKcYjujKH7woYyLj2sUmff0tRhrqM7BohUw7Pz3ZB1jj2gW9Fvmg=="],

    "@types/geojson-vt": ["@types/geojson-vt@3.2.5", "", { "dependencies": { "@types/geojson": "*" } }, "sha512-qDO7wqtprzlpe8FfQ//ClPV9xiuoh2nkIgiouIptON9w5jvD/fA4szvP9GBlDVdJ5dldAl0kX/sy3URbWwLx0g=="],

    "@types/mapbox__point-geometry": ["@types/mapbox__point-geometry@0.1.4", "", {}, "sha512-mUWlSxAmYLfwnRBmgYV86tgYmMIICX4kza8YnE/eIlywGe2XoOxlpVnXWwir92xRLjwyarqwpu2EJKD2pk0IUA=="],

    "@types/mapbox__vector-tile": ["@types/mapbox__vector-tile@1.3.4", "", { "dependencies": { "@types/geojson": "*", "@types/mapbox__point-geometry": "*", "@types/pbf": "*" } }, "sha512-bpd8dRn9pr6xKvuEBQup8pwQfD4VUyqO/2deGjfpe6AwC8YRlyEipvefyRJUSiCJTZuCb8Pl1ciVV5ekqJ96Bg=="],

    "@types/node": ["@types/node@25.6.0", "", { "dependencies": { "undici-types": "~7.19.0" } }, "sha512-+qIYRKdNYJwY3vRCZMdJbPLJAtGjQBudzZzdzwQYkEPQd+PJGixUL5QfvCLDaULoLv+RhT3LDkwEfKaAkgSmNQ=="],

    "@types/pbf": ["@types/pbf@3.0.5", "", {}, "sha512-j3pOPiEcWZ34R6a6mN07mUkM4o4Lwf6hPNt8eilOeZhTFbxFXmKhvXl9Y28jotFPaI1bpPDJsbCprUoNke6OrA=="],

    "@types/supercluster": ["@types/supercluster@7.1.3", "", { "dependencies": { "@types/geojson": "*" } }, "sha512-Z0pOY34GDFl3Q6hUFYf3HkTwKEE02e7QgtJppBt+beEAxnyOpJua+voGFvxINBHa06GwLFFym7gRPY2SiKIfIA=="],

    "@types/ws": ["@types/ws@8.18.1", "", { "dependencies": { "@types/node": "*" } }, "sha512-ThVF6DCVhA8kUGy+aazFQ4kXQ7E1Ty7A3ypFOe0IcJV8O/M511G99AW24irKrW56Wt44yG9+ij8FaqoBGkuBXg=="],

    "bun-types": ["bun-types@1.3.13", "", { "dependencies": { "@types/node": "*" } }, "sha512-QXKeHLlOLqQX9LgYaHJfzdBaV21T63HhFJnvuRCcjZiaUDpbs5ED1MgxbMra71CsryN/1dAoXuJJJwIv/2drVA=="],

    "earcut": ["earcut@3.0.2", "", {}, "sha512-X7hshQbLyMJ/3RPhyObLARM2sNxxmRALLKx1+NVFFnQ9gKzmCrxm9+uLIAdBcvc8FNLpctqlQ2V6AE92Ol9UDQ=="],

    "esbuild": ["esbuild@0.21.5", "", { "optionalDependencies": { "@esbuild/aix-ppc64": "0.21.5", "@esbuild/android-arm": "0.21.5", "@esbuild/android-arm64": "0.21.5", "@esbuild/android-x64": "0.21.5", "@esbuild/darwin-arm64": "0.21.5", "@esbuild/darwin-x64": "0.21.5", "@esbuild/freebsd-arm64": "0.21.5", "@esbuild/freebsd-x64": "0.21.5", "@esbuild/linux-arm": "0.21.5", "@esbuild/linux-arm64": "0.21.5", "@esbuild/linux-ia32": "0.21.5", "@esbuild/linux-loong64": "0.21.5", "@esbuild/linux-mips64el": "0.21.5", "@esbuild/linux-ppc64": "0.21.5", "@esbuild/linux-riscv64": "0.21.5", "@esbuild/linux-s390x": "0.21.5", "@esbuild/linux-x64": "0.21.5", "@esbuild/netbsd-x64": "0.21.5", "@esbuild/openbsd-x64": "0.21.5", "@esbuild/sunos-x64": "0.21.5", "@esbuild/win32-arm64": "0.21.5", "@esbuild/win32-ia32": "0.21.5", "@esbuild/win32-x64": "0.21.5" }, "bin": { "esbuild": "bin/esbuild" } }, "sha512-mg3OPMV4hXywwpoDxu3Qda5xCKQi+vCTZq8S9J/EpkhB2HzKXq4SNFZE3+NK93JYxc8VMSep+lOUSC/RVKaBqw=="],

    "fsevents": ["fsevents@2.3.3", "", { "os": "darwin" }, "sha512-5xoDfX+fL7faATnagmWPpbFtwh/R77WmMMqqHGS65C3vvB0YHrgF+B1YmZ3441tMj5n63k0212XNoJwzlhffQw=="],

    "geojson-vt": ["geojson-vt@4.0.2", "", {}, "sha512-AV9ROqlNqoZEIJGfm1ncNjEXfkz2hdFlZf0qkVfmkwdKa8vj7H16YUOT81rJw1rdFhyEDlN2Tds91p/glzbl5A=="],

    "get-stream": ["get-stream@6.0.1", "", {}, "sha512-ts6Wi+2j3jQjqi70w5AlN8DFnkSwC+MqmxEzdEALB2qXZYV3X/b1CTfgPLGJNMeAWxdPfU8FO1ms3NUfaHCPYg=="],

    "gl-matrix": ["gl-matrix@3.4.4", "", {}, "sha512-latSnyDNt/8zYUB6VIJ6PCh2jBjJX6gnDsoCZ7LyW7GkqrD51EWwa9qCoGixj8YqBtETQK/xY7OmpTF8xz1DdQ=="],

    "global-prefix": ["global-prefix@4.0.0", "", { "dependencies": { "ini": "^4.1.3", "kind-of": "^6.0.3", "which": "^4.0.0" } }, "sha512-w0Uf9Y9/nyHinEk5vMJKRie+wa4kR5hmDbEhGGds/kG1PwGLLHKRoNMeJOyCQjjBkANlnScqgzcFwGHgmgLkVA=="],

    "iceberg-js": ["iceberg-js@0.8.1", "", {}, "sha512-1dhVQZXhcHje7798IVM+xoo/1ZdVfzOMIc8/rgVSijRK38EDqOJoGula9N/8ZI5RD8QTxNQtK/Gozpr+qUqRRA=="],

    "ieee754": ["ieee754@1.2.1", "", {}, "sha512-dcyqhDvX1C46lXZcVqCpK+FtMRQVdIMN6/Df5js2zouUsqG7I6sFxitIC+7KYK29KdXOLHdu9zL4sFnoVQnqaA=="],

    "ini": ["ini@4.1.3", "", {}, "sha512-X7rqawQBvfdjS10YU1y1YVreA3SsLrW9dX2CewP2EbBJM4ypVNLDkO5y04gejPwKIY9lR+7r9gn3rFPt/kmWFg=="],

    "isexe": ["isexe@3.1.5", "", {}, "sha512-6B3tLtFqtQS4ekarvLVMZ+X+VlvQekbe4taUkf/rhVO3d/h0M2rfARm/pXLcPEsjjMsFgrFgSrhQIxcSVrBz8w=="],

    "json-stringify-pretty-compact": ["json-stringify-pretty-compact@4.0.0", "", {}, "sha512-3CNZ2DnrpByG9Nqj6Xo8vqbjT4F6N+tb4Gb28ESAZjYZ5yqvmc56J+/kuIwkaAMOyblTQhUW7PxMkUb8Q36N3Q=="],

    "kdbush": ["kdbush@4.0.2", "", {}, "sha512-WbCVYJ27Sz8zi9Q7Q0xHC+05iwkm3Znipc2XTlrnJbsHMYktW4hPhXUE8Ys1engBrvffoSCqbil1JQAa7clRpA=="],

    "kind-of": ["kind-of@6.0.3", "", {}, "sha512-dcS1ul+9tmeD95T+x28/ehLgd9mENa3LsvDTtzm3vyBEO7RPptvAD+t44WVXaUjTBRcrpFeFlC8WCruUR456hw=="],

    "maplibre-gl": ["maplibre-gl@4.7.1", "", { "dependencies": { "@mapbox/geojson-rewind": "^0.5.2", "@mapbox/jsonlint-lines-primitives": "^2.0.2", "@mapbox/point-geometry": "^0.1.0", "@mapbox/tiny-sdf": "^2.0.6", "@mapbox/unitbezier": "^0.0.1", "@mapbox/vector-tile": "^1.3.1", "@mapbox/whoots-js": "^3.1.0", "@maplibre/maplibre-gl-style-spec": "^20.3.1", "@types/geojson": "^7946.0.14", "@types/geojson-vt": "3.2.5", "@types/mapbox__point-geometry": "^0.1.4", "@types/mapbox__vector-tile": "^1.3.4", "@types/pbf": "^3.0.5", "@types/supercluster": "^7.1.3", "earcut": "^3.0.0", "geojson-vt": "^4.0.2", "gl-matrix": "^3.4.3", "global-prefix": "^4.0.0", "kdbush": "^4.0.2", "murmurhash-js": "^1.0.0", "pbf": "^3.3.0", "potpack": "^2.0.0", "quickselect": "^3.0.0", "supercluster": "^8.0.1", "tinyqueue": "^3.0.0", "vt-pbf": "^3.1.3" } }, "sha512-lgL7XpIwsgICiL82ITplfS7IGwrB1OJIw/pCvprDp2dhmSSEBgmPzYRvwYYYvJGJD7fxUv1Tvpih4nZ6VrLuaA=="],

    "minimist": ["minimist@1.2.8", "", {}, "sha512-2yyAR8qBkN3YuheJanUpWC5U3bb5osDywNB8RzDVlDwDHbocAJveqqj1u8+SVD7jkWT4yvsHCpWqqWqAxb0zCA=="],

    "murmurhash-js": ["murmurhash-js@1.0.0", "", {}, "sha512-TvmkNhkv8yct0SVBSy+o8wYzXjE4Zz3PCesbfs8HiCXXdcTuocApFv11UWlNFWKYsP2okqrhb7JNlSm9InBhIw=="],

    "nanoid": ["nanoid@3.3.12", "", { "bin": { "nanoid": "bin/nanoid.cjs" } }, "sha512-ZB9RH/39qpq5Vu6Y+NmUaFhQR6pp+M2Xt76XBnEwDaGcVAqhlvxrl3B2bKS5D3NH3QR76v3aSrKaF/Kiy7lEtQ=="],

    "pbf": ["pbf@3.3.0", "", { "dependencies": { "ieee754": "^1.1.12", "resolve-protobuf-schema": "^2.1.0" }, "bin": { "pbf": "bin/pbf" } }, "sha512-XDF38WCH3z5OV/OVa8GKUNtLAyneuzbCisx7QUCF8Q6Nutx0WnJrQe5O+kOtBlLfRNUws98Y58Lblp+NJG5T4Q=="],

    "picocolors": ["picocolors@1.1.1", "", {}, "sha512-xceH2snhtb5M9liqDsmEw56le376mTZkEX/jEb/RxNFyegNul7eNslCXP9FDj/Lcu0X8KEyMceP2ntpaHrDEVA=="],

    "postcss": ["postcss@8.5.13", "", { "dependencies": { "nanoid": "^3.3.11", "picocolors": "^1.1.1", "source-map-js": "^1.2.1" } }, "sha512-qif0+jGGZoLWdHey3UFHHWP0H7Gbmsk8T5VEqyYFbWqPr1XqvLGBbk/sl8V5exGmcYJklJOhOQq1pV9IcsiFag=="],

    "potpack": ["potpack@2.1.0", "", {}, "sha512-pcaShQc1Shq0y+E7GqJqvZj8DTthWV1KeHGdi0Z6IAin2Oi3JnLCOfwnCo84qc+HAp52wT9nK9H7FAJp5a44GQ=="],

    "protocol-buffers-schema": ["protocol-buffers-schema@3.6.1", "", {}, "sha512-VG2K63Igkiv9p76tk1lilczEK1cT+kCjKtkdhw1dQZV3k3IXJbd3o6Ho8b9zJZaHSnT2hKe4I+ObmX9w6m5SmQ=="],

    "quickselect": ["quickselect@3.0.0", "", {}, "sha512-XdjUArbK4Bm5fLLvlm5KpTFOiOThgfWWI4axAZDWg4E/0mKdZyI9tNEfds27qCi1ze/vwTR16kvmmGhRra3c2g=="],

    "resolve-protobuf-schema": ["resolve-protobuf-schema@2.1.0", "", { "dependencies": { "protocol-buffers-schema": "^3.3.1" } }, "sha512-kI5ffTiZWmJaS/huM8wZfEMer1eRd7oJQhDuxeCLe3t7N7mX3z94CN0xPxBQxFYQTSNz9T0i+v6inKqSdK8xrQ=="],

    "rollup": ["rollup@4.60.2", "", { "dependencies": { "@types/estree": "1.0.8" }, "optionalDependencies": { "@rollup/rollup-android-arm-eabi": "4.60.2", "@rollup/rollup-android-arm64": "4.60.2", "@rollup/rollup-darwin-arm64": "4.60.2", "@rollup/rollup-darwin-x64": "4.60.2", "@rollup/rollup-freebsd-arm64": "4.60.2", "@rollup/rollup-freebsd-x64": "4.60.2", "@rollup/rollup-linux-arm-gnueabihf": "4.60.2", "@rollup/rollup-linux-arm-musleabihf": "4.60.2", "@rollup/rollup-linux-arm64-gnu": "4.60.2", "@rollup/rollup-linux-arm64-musl": "4.60.2", "@rollup/rollup-linux-loong64-gnu": "4.60.2", "@rollup/rollup-linux-loong64-musl": "4.60.2", "@rollup/rollup-linux-ppc64-gnu": "4.60.2", "@rollup/rollup-linux-ppc64-musl": "4.60.2", "@rollup/rollup-linux-riscv64-gnu": "4.60.2", "@rollup/rollup-linux-riscv64-musl": "4.60.2", "@rollup/rollup-linux-s390x-gnu": "4.60.2", "@rollup/rollup-linux-x64-gnu": "4.60.2", "@rollup/rollup-linux-x64-musl": "4.60.2", "@rollup/rollup-openbsd-x64": "4.60.2", "@rollup/rollup-openharmony-arm64": "4.60.2", "@rollup/rollup-win32-arm64-msvc": "4.60.2", "@rollup/rollup-win32-ia32-msvc": "4.60.2", "@rollup/rollup-win32-x64-gnu": "4.60.2", "@rollup/rollup-win32-x64-msvc": "4.60.2", "fsevents": "~2.3.2" }, "bin": { "rollup": "dist/bin/rollup" } }, "sha512-J9qZyW++QK/09NyN/zeO0dG/1GdGfyp9lV8ajHnRVLfo/uFsbji5mHnDgn/qYdUHyCkM2N+8VyspgZclfAh0eQ=="],

    "rw": ["rw@1.3.3", "", {}, "sha512-PdhdWy89SiZogBLaw42zdeqtRJ//zFd2PgQavcICDUgJT5oW10QCRKbJ6bg4r0/UY2M6BWd5tkxuGFRvCkgfHQ=="],

    "source-map-js": ["source-map-js@1.2.1", "", {}, "sha512-UXWMKhLOwVKb728IUtQPXxfYU+usdybtUrK/8uGE8CQMvrhOpwvzDBwj0QhSL7MQc7vIsISBG8VQ8+IDQxpfQA=="],

    "supercluster": ["supercluster@8.0.1", "", { "dependencies": { "kdbush": "^4.0.2" } }, "sha512-IiOea5kJ9iqzD2t7QJq/cREyLHTtSmUT6gQsweojg9WH2sYJqZK9SswTu6jrscO6D1G5v5vYZ9ru/eq85lXeZQ=="],

    "tinyqueue": ["tinyqueue@3.0.0", "", {}, "sha512-gRa9gwYU3ECmQYv3lslts5hxuIa90veaEcxDYuu3QGOIAEM2mOZkVHp48ANJuu1CURtRdHKUBY5Lm1tHV+sD4g=="],

    "tslib": ["tslib@2.8.1", "", {}, "sha512-oJFu94HQb+KVduSUQL7wnpmqnfmLsOA/nAh6b6EH0wCEoK0/mPeXU6c3wKDV83MkOuHPRHtSXKKU99IBazS/2w=="],

    "typescript": ["typescript@5.9.3", "", { "bin": { "tsc": "bin/tsc", "tsserver": "bin/tsserver" } }, "sha512-jl1vZzPDinLr9eUt3J/t7V6FgNEw9QjvBPdysz9KfQDD41fQrC2Y4vKQdiaUpFT4bXlb1RHhLpp8wtm6M5TgSw=="],

    "undici-types": ["undici-types@7.19.2", "", {}, "sha512-qYVnV5OEm2AW8cJMCpdV20CDyaN3g0AjDlOGf1OW4iaDEx8MwdtChUp4zu4H0VP3nDRF/8RKWH+IPp9uW0YGZg=="],

    "vite": ["vite@5.4.21", "", { "dependencies": { "esbuild": "^0.21.3", "postcss": "^8.4.43", "rollup": "^4.20.0" }, "optionalDependencies": { "fsevents": "~2.3.3" }, "peerDependencies": { "@types/node": "^18.0.0 || >=20.0.0", "less": "*", "lightningcss": "^1.21.0", "sass": "*", "sass-embedded": "*", "stylus": "*", "sugarss": "*", "terser": "^5.4.0" }, "optionalPeers": ["@types/node", "less", "lightningcss", "sass", "sass-embedded", "stylus", "sugarss", "terser"], "bin": { "vite": "bin/vite.js" } }, "sha512-o5a9xKjbtuhY6Bi5S3+HvbRERmouabWbyUcpXXUA1u+GNUKoROi9byOJ8M0nHbHYHkYICiMlqxkg1KkYmm25Sw=="],

    "vt-pbf": ["vt-pbf@3.1.3", "", { "dependencies": { "@mapbox/point-geometry": "0.1.0", "@mapbox/vector-tile": "^1.3.1", "pbf": "^3.2.1" } }, "sha512-2LzDFzt0mZKZ9IpVF2r69G9bXaP2Q2sArJCmcCgvfTdCCZzSyz4aCLoQyUilu37Ll56tCblIZrXFIjNUpGIlmA=="],

    "which": ["which@4.0.0", "", { "dependencies": { "isexe": "^3.1.1" }, "bin": { "node-which": "bin/which.js" } }, "sha512-GlaYyEb07DPxYCKhKzplCWBJtvxZcZMrL+4UkrTSJHHPyZU4mYYTv3qaOe77H7EODLSSopAUFAc6W8U4yqvscg=="],

    "ws": ["ws@8.20.0", "", { "peerDependencies": { "bufferutil": "^4.0.1", "utf-8-validate": ">=5.0.2" }, "optionalPeers": ["bufferutil", "utf-8-validate"] }, "sha512-sAt8BhgNbzCtgGbt2OxmpuryO63ZoDk/sqaB/znQm94T4fCEsy/yV+7CdC1kJhOU9lboAEU7R3kquuycDoibVA=="],

    "@maplibre/maplibre-gl-style-spec/quickselect": ["quickselect@2.0.0", "", {}, "sha512-RKJ22hX8mHe3Y6wH/N3wCM6BWtjaxIyyUIkpHOvfFnxdI4yD4tBXEBKSbriGujF6jnSVkJrffuo6vxACiSSxIw=="],
  }
}
